// !$*UTF8*$!
{
	archiveVersion = 1;
	classes = {
	};
	objectVersion = 56;
	objects = {

/* Begin PBXBuildFile section */
		AF584CA829F1744400D2B4A0 /* HabitappApp.swift in Sources */ = {isa = PBXBuildFile; fileRef = AF584CA729F1744400D2B4A0 /* HabitappApp.swift */; };
		AF584CAA29F1744400D2B4A0 /* ContentView.swift in Sources */ = {isa = PBXBuildFile; fileRef = AF584CA929F1744400D2B4A0 /* ContentView.swift */; };
		AF584CAC29F1744500D2B4A0 /* Assets.xcassets in Resources */ = {isa = PBXBuildFile; fileRef = AF584CAB29F1744500D2B4A0 /* Assets.xcassets */; };
		AF584CAF29F1744500D2B4A0 /* Preview Assets.xcassets in Resources */ = {isa = PBXBuildFile; fileRef = AF584CAE29F1744500D2B4A0 /* Preview Assets.xcassets */; };
		AF584CB929F1744500D2B4A0 /* HabitappTests.swift in Sources */ = {isa = PBXBuildFile; fileRef = AF584CB829F1744500D2B4A0 /* HabitappTests.swift */; };
		AF584CC329F1744500D2B4A0 /* HabitappUITests.swift in Sources */ = {isa = PBXBuildFile; fileRef = AF584CC229F1744500D2B4A0 /* HabitappUITests.swift */; };
		AF584CC529F1744500D2B4A0 /* HabitappUITestsLaunchTests.swift in Sources */ = {isa = PBXBuildFile; fileRef = AF584CC429F1744500D2B4A0 /* HabitappUITestsLaunchTests.swift */; };
		AF584CD329F174EF00D2B4A0 /* FirebaseAuth in Frameworks */ = {isa = PBXBuildFile; productRef = AF584CD229F174EF00D2B4A0 /* FirebaseAuth */; };
		AF584CD529F174EF00D2B4A0 /* FirebaseDatabase in Frameworks */ = {isa = PBXBuildFile; productRef = AF584CD429F174EF00D2B4A0 /* FirebaseDatabase */; };
		AF584CD729F174EF00D2B4A0 /* FirebaseFirestore in Frameworks */ = {isa = PBXBuildFile; productRef = AF584CD629F174EF00D2B4A0 /* FirebaseFirestore */; };
		AF584CD929F174EF00D2B4A0 /* FirebaseFirestoreSwift in Frameworks */ = {isa = PBXBuildFile; productRef = AF584CD829F174EF00D2B4A0 /* FirebaseFirestoreSwift */; };
		AF584CDB29F28CF300D2B4A0 /* Habits.swift in Sources */ = {isa = PBXBuildFile; fileRef = AF584CDA29F28CF300D2B4A0 /* Habits.swift */; };
		AF584CDF29F2920C00D2B4A0 /* HabitsVM.swift in Sources */ = {isa = PBXBuildFile; fileRef = AF584CDE29F2920C00D2B4A0 /* HabitsVM.swift */; };
		AF584CE729F6CDCE00D2B4A0 /* GoogleService-Info.plist in Resources */ = {isa = PBXBuildFile; fileRef = AF584CE629F6CDCE00D2B4A0 /* GoogleService-Info.plist */; };
		AF584CE929F8709700D2B4A0 /* Calendar.swift in Sources */ = {isa = PBXBuildFile; fileRef = AF584CE829F8709700D2B4A0 /* Calendar.swift */; };
/* End PBXBuildFile section */

/* Begin PBXContainerItemProxy section */
		AF584CB529F1744500D2B4A0 /* PBXContainerItemProxy */ = {
			isa = PBXContainerItemProxy;
			containerPortal = AF584C9C29F1744400D2B4A0 /* Project object */;
			proxyType = 1;
			remoteGlobalIDString = AF584CA329F1744400D2B4A0;
			remoteInfo = Habitapp;
		};
		AF584CBF29F1744500D2B4A0 /* PBXContainerItemProxy */ = {
			isa = PBXContainerItemProxy;
			containerPortal = AF584C9C29F1744400D2B4A0 /* Project object */;
			proxyType = 1;
			remoteGlobalIDString = AF584CA329F1744400D2B4A0;
			remoteInfo = Habitapp;
		};
/* End PBXContainerItemProxy section */

/* Begin PBXFileReference section */
		AF584CA429F1744400D2B4A0 /* Habitapp.app */ = {isa = PBXFileReference; explicitFileType = wrapper.application; includeInIndex = 0; path = Habitapp.app; sourceTree = BUILT_PRODUCTS_DIR; };
		AF584CA729F1744400D2B4A0 /* HabitappApp.swift */ = {isa = PBXFileReference; lastKnownFileType = sourcecode.swift; path = HabitappApp.swift; sourceTree = "<group>"; };
		AF584CA929F1744400D2B4A0 /* ContentView.swift */ = {isa = PBXFileReference; lastKnownFileType = sourcecode.swift; path = ContentView.swift; sourceTree = "<group>"; };
		AF584CAB29F1744500D2B4A0 /* Assets.xcassets */ = {isa = PBXFileReference; lastKnownFileType = folder.assetcatalog; path = Assets.xcassets; sourceTree = "<group>"; };
		AF584CAE29F1744500D2B4A0 /* Preview Assets.xcassets */ = {isa = PBXFileReference; lastKnownFileType = folder.assetcatalog; path = "Preview Assets.xcassets"; sourceTree = "<group>"; };
		AF584CB429F1744500D2B4A0 /* HabitappTests.xctest */ = {isa = PBXFileReference; explicitFileType = wrapper.cfbundle; includeInIndex = 0; path = HabitappTests.xctest; sourceTree = BUILT_PRODUCTS_DIR; };
		AF584CB829F1744500D2B4A0 /* HabitappTests.swift */ = {isa = PBXFileReference; lastKnownFileType = sourcecode.swift; path = HabitappTests.swift; sourceTree = "<group>"; };
		AF584CBE29F1744500D2B4A0 /* HabitappUITests.xctest */ = {isa = PBXFileReference; explicitFileType = wrapper.cfbundle; includeInIndex = 0; path = HabitappUITests.xctest; sourceTree = BUILT_PRODUCTS_DIR; };
		AF584CC229F1744500D2B4A0 /* HabitappUITests.swift */ = {isa = PBXFileReference; lastKnownFileType = sourcecode.swift; path = HabitappUITests.swift; sourceTree = "<group>"; };
		AF584CC429F1744500D2B4A0 /* HabitappUITestsLaunchTests.swift */ = {isa = PBXFileReference; lastKnownFileType = sourcecode.swift; path = HabitappUITestsLaunchTests.swift; sourceTree = "<group>"; };
		AF584CDA29F28CF300D2B4A0 /* Habits.swift */ = {isa = PBXFileReference; lastKnownFileType = sourcecode.swift; path = Habits.swift; sourceTree = "<group>"; };
		AF584CDE29F2920C00D2B4A0 /* HabitsVM.swift */ = {isa = PBXFileReference; lastKnownFileType = sourcecode.swift; path = HabitsVM.swift; sourceTree = "<group>"; };
		AF584CE629F6CDCE00D2B4A0 /* GoogleService-Info.plist */ = {isa = PBXFileReference; fileEncoding = 4; lastKnownFileType = text.plist.xml; name = "GoogleService-Info.plist"; path = "../../../../../Downloads/GoogleService-Info.plist"; sourceTree = "<group>"; };
		AF584CE829F8709700D2B4A0 /* Calendar.swift */ = {isa = PBXFileReference; lastKnownFileType = sourcecode.swift; path = Calendar.swift; sourceTree = "<group>"; };
/* End PBXFileReference section */

/* Begin PBXFrameworksBuildPhase section */
		AF584CA129F1744400D2B4A0 /* Frameworks */ = {
			isa = PBXFrameworksBuildPhase;
			buildActionMask = 2147483647;
			files = (
				AF584CD529F174EF00D2B4A0 /* FirebaseDatabase in Frameworks */,
				AF584CD329F174EF00D2B4A0 /* FirebaseAuth in Frameworks */,
				AF584CD729F174EF00D2B4A0 /* FirebaseFirestore in Frameworks */,
				AF584CD929F174EF00D2B4A0 /* FirebaseFirestoreSwift in Frameworks */,
			);
			runOnlyForDeploymentPostprocessing = 0;
		};
		AF584CB129F1744500D2B4A0 /* Frameworks */ = {
			isa = PBXFrameworksBuildPhase;
			buildActionMask = 2147483647;
			files = (
			);
			runOnlyForDeploymentPostprocessing = 0;
		};
		AF584CBB29F1744500D2B4A0 /* Frameworks */ = {
			isa = PBXFrameworksBuildPhase;
			buildActionMask = 2147483647;
			files = (
			);
			runOnlyForDeploymentPostprocessing = 0;
		};
/* End PBXFrameworksBuildPhase section */

/* Begin PBXGroup section */
		AF584C9B29F1744400D2B4A0 = {
			isa = PBXGroup;
			children = (
				AF584CA629F1744400D2B4A0 /* Habitapp */,
				AF584CB729F1744500D2B4A0 /* HabitappTests */,
				AF584CC129F1744500D2B4A0 /* HabitappUITests */,
				AF584CA529F1744400D2B4A0 /* Products */,
			);
			sourceTree = "<group>";
		};
		AF584CA529F1744400D2B4A0 /* Products */ = {
			isa = PBXGroup;
			children = (
				AF584CA429F1744400D2B4A0 /* Habitapp.app */,
				AF584CB429F1744500D2B4A0 /* HabitappTests.xctest */,
				AF584CBE29F1744500D2B4A0 /* HabitappUITests.xctest */,
			);
			name = Products;
			sourceTree = "<group>";
		};
		AF584CA629F1744400D2B4A0 /* Habitapp */ = {
			isa = PBXGroup;
			children = (
				AF584CE629F6CDCE00D2B4A0 /* GoogleService-Info.plist */,
				AF584CA729F1744400D2B4A0 /* HabitappApp.swift */,
				AF584CA929F1744400D2B4A0 /* ContentView.swift */,
				AF584CAB29F1744500D2B4A0 /* Assets.xcassets */,
				AF584CAD29F1744500D2B4A0 /* Preview Content */,
				AF584CDA29F28CF300D2B4A0 /* Habits.swift */,
				AF584CDE29F2920C00D2B4A0 /* HabitsVM.swift */,
				AF584CE829F8709700D2B4A0 /* Calendar.swift */,
			);
			path = Habitapp;
			sourceTree = "<group>";
		};
		AF584CAD29F1744500D2B4A0 /* Preview Content */ = {
			isa = PBXGroup;
			children = (
				AF584CAE29F1744500D2B4A0 /* Preview Assets.xcassets */,
			);
			path = "Preview Content";
			sourceTree = "<group>";
		};
		AF584CB729F1744500D2B4A0 /* HabitappTests */ = {
			isa = PBXGroup;
			children = (
				AF584CB829F1744500D2B4A0 /* HabitappTests.swift */,
			);
			path = HabitappTests;
			sourceTree = "<group>";
		};
		AF584CC129F1744500D2B4A0 /* HabitappUITests */ = {
			isa = PBXGroup;
			children = (
				AF584CC229F1744500D2B4A0 /* HabitappUITests.swift */,
				AF584CC429F1744500D2B4A0 /* HabitappUITestsLaunchTests.swift */,
			);
			path = HabitappUITests;
			sourceTree = "<group>";
		};
/* End PBXGroup section */

/* Begin PBXNativeTarget section */
		AF584CA329F1744400D2B4A0 /* Habitapp */ = {
			isa = PBXNativeTarget;
			buildConfigurationList = AF584CC829F1744500D2B4A0 /* Build configuration list for PBXNativeTarget "Habitapp" */;
			buildPhases = (
				AF584CA029F1744400D2B4A0 /* Sources */,
				AF584CA129F1744400D2B4A0 /* Frameworks */,
				AF584CA229F1744400D2B4A0 /* Resources */,
			);
			buildRules = (
			);
			dependencies = (
			);
			name = Habitapp;
			packageProductDependencies = (
				AF584CD229F174EF00D2B4A0 /* FirebaseAuth */,
				AF584CD429F174EF00D2B4A0 /* FirebaseDatabase */,
				AF584CD629F174EF00D2B4A0 /* FirebaseFirestore */,
				AF584CD829F174EF00D2B4A0 /* FirebaseFirestoreSwift */,
			);
			productName = Habitapp;
			productReference = AF584CA429F1744400D2B4A0 /* Habitapp.app */;
			productType = "com.apple.product-type.application";
		};
		AF584CB329F1744500D2B4A0 /* HabitappTests */ = {
			isa = PBXNativeTarget;
			buildConfigurationList = AF584CCB29F1744500D2B4A0 /* Build configuration list for PBXNativeTarget "HabitappTests" */;
			buildPhases = (
				AF584CB029F1744500D2B4A0 /* Sources */,
				AF584CB129F1744500D2B4A0 /* Frameworks */,
				AF584CB229F1744500D2B4A0 /* Resources */,
			);
			buildRules = (
			);
			dependencies = (
				AF584CB629F1744500D2B4A0 /* PBXTargetDependency */,
			);
			name = HabitappTests;
			productName = HabitappTests;
			productReference = AF584CB429F1744500D2B4A0 /* HabitappTests.xctest */;
			productType = "com.apple.product-type.bundle.unit-test";
		};
		AF584CBD29F1744500D2B4A0 /* HabitappUITests */ = {
			isa = PBXNativeTarget;
			buildConfigurationList = AF584CCE29F1744500D2B4A0 /* Build configuration list for PBXNativeTarget "HabitappUITests" */;
			buildPhases = (
				AF584CBA29F1744500D2B4A0 /* Sources */,
				AF584CBB29F1744500D2B4A0 /* Frameworks */,
				AF584CBC29F1744500D2B4A0 /* Resources */,
			);
			buildRules = (
			);
			dependencies = (
				AF584CC029F1744500D2B4A0 /* PBXTargetDependency */,
			);
			name = HabitappUITests;
			productName = HabitappUITests;
			productReference = AF584CBE29F1744500D2B4A0 /* HabitappUITests.xctest */;
			productType = "com.apple.product-type.bundle.ui-testing";
		};
/* End PBXNativeTarget section */

/* Begin PBXProject section */
		AF584C9C29F1744400D2B4A0 /* Project object */ = {
			isa = PBXProject;
			attributes = {
				BuildIndependentTargetsInParallel = 1;
				LastSwiftUpdateCheck = 1430;
				LastUpgradeCheck = 1430;
				TargetAttributes = {
					AF584CA329F1744400D2B4A0 = {
						CreatedOnToolsVersion = 14.3;
					};
					AF584CB329F1744500D2B4A0 = {
						CreatedOnToolsVersion = 14.3;
						TestTargetID = AF584CA329F1744400D2B4A0;
					};
					AF584CBD29F1744500D2B4A0 = {
						CreatedOnToolsVersion = 14.3;
						TestTargetID = AF584CA329F1744400D2B4A0;
					};
				};
			};
			buildConfigurationList = AF584C9F29F1744400D2B4A0 /* Build configuration list for PBXProject "Habitapp" */;
			compatibilityVersion = "Xcode 14.0";
			developmentRegion = en;
			hasScannedForEncodings = 0;
			knownRegions = (
				en,
				Base,
			);
			mainGroup = AF584C9B29F1744400D2B4A0;
			packageReferences = (
				AF584CD129F174EF00D2B4A0 /* XCRemoteSwiftPackageReference "firebase-ios-sdk" */,
			);
			productRefGroup = AF584CA529F1744400D2B4A0 /* Products */;
			projectDirPath = "";
			projectRoot = "";
			targets = (
				AF584CA329F1744400D2B4A0 /* Habitapp */,
				AF584CB329F1744500D2B4A0 /* HabitappTests */,
				AF584CBD29F1744500D2B4A0 /* HabitappUITests */,
			);
		};
/* End PBXProject section */

/* Begin PBXResourcesBuildPhase section */
		AF584CA229F1744400D2B4A0 /* Resources */ = {
			isa = PBXResourcesBuildPhase;
			buildActionMask = 2147483647;
			files = (
				AF584CAF29F1744500D2B4A0 /* Preview Assets.xcassets in Resources */,
				AF584CE729F6CDCE00D2B4A0 /* GoogleService-Info.plist in Resources */,
				AF584CAC29F1744500D2B4A0 /* Assets.xcassets in Resources */,
			);
			runOnlyForDeploymentPostprocessing = 0;
		};
		AF584CB229F1744500D2B4A0 /* Resources */ = {
			isa = PBXResourcesBuildPhase;
			buildActionMask = 2147483647;
			files = (
			);
			runOnlyForDeploymentPostprocessing = 0;
		};
		AF584CBC29F1744500D2B4A0 /* Resources */ = {
			isa = PBXResourcesBuildPhase;
			buildActionMask = 2147483647;
			files = (
			);
			runOnlyForDeploymentPostprocessing = 0;
		};
/* End PBXResourcesBuildPhase section */

/* Begin PBXSourcesBuildPhase section */
		AF584CA029F1744400D2B4A0 /* Sources */ = {
			isa = PBXSourcesBuildPhase;
			buildActionMask = 2147483647;
			files = (
				AF584CAA29F1744400D2B4A0 /* ContentView.swift in Sources */,
				AF584CDB29F28CF300D2B4A0 /* Habits.swift in Sources */,
				AF584CA829F1744400D2B4A0 /* HabitappApp.swift in Sources */,
				AF584CDF29F2920C00D2B4A0 /* HabitsVM.swift in Sources */,
				AF584CE929F8709700D2B4A0 /* Calendar.swift in Sources */,
			);
			runOnlyForDeploymentPostprocessing = 0;
		};
		AF584CB029F1744500D2B4A0 /* Sources */ = {
			isa = PBXSourcesBuildPhase;
			buildActionMask = 2147483647;
			files = (
				AF584CB929F1744500D2B4A0 /* HabitappTests.swift in Sources */,
			);
			runOnlyForDeploymentPostprocessing = 0;
		};
		AF584CBA29F1744500D2B4A0 /* Sources */ = {
			isa = PBXSourcesBuildPhase;
			buildActionMask = 2147483647;
			files = (
				AF584CC529F1744500D2B4A0 /* HabitappUITestsLaunchTests.swift in Sources */,
				AF584CC329F1744500D2B4A0 /* HabitappUITests.swift in Sources */,
			);
			runOnlyForDeploymentPostprocessing = 0;
		};
/* End PBXSourcesBuildPhase section */

/* Begin PBXTargetDependency section */
		AF584CB629F1744500D2B4A0 /* PBXTargetDependency */ = {
			isa = PBXTargetDependency;
			target = AF584CA329F1744400D2B4A0 /* Habitapp */;
			targetProxy = AF584CB529F1744500D2B4A0 /* PBXContainerItemProxy */;
		};
		AF584CC029F1744500D2B4A0 /* PBXTargetDependency */ = {
			isa = PBXTargetDependency;
			target = AF584CA329F1744400D2B4A0 /* Habitapp */;
			targetProxy = AF584CBF29F1744500D2B4A0 /* PBXContainerItemProxy */;
		};
/* End PBXTargetDependency section */

/* Begin XCBuildConfiguration section */
		AF584CC629F1744500D2B4A0 /* Debug */ = {
			isa = XCBuildConfiguration;
			buildSettings = {
				ALWAYS_SEARCH_USER_PATHS = NO;
				CLANG_ANALYZER_NONNULL = YES;
				CLANG_ANALYZER_NUMBER_OBJECT_CONVERSION = YES_AGGRESSIVE;
				CLANG_CXX_LANGUAGE_STANDARD = "gnu++20";
				CLANG_ENABLE_MODULES = YES;
				CLANG_ENABLE_OBJC_ARC = YES;
				CLANG_ENABLE_OBJC_WEAK = YES;
				CLANG_WARN_BLOCK_CAPTURE_AUTORELEASING = YES;
				CLANG_WARN_BOOL_CONVERSION = YES;
				CLANG_WARN_COMMA = YES;
				CLANG_WARN_CONSTANT_CONVERSION = YES;
				CLANG_WARN_DEPRECATED_OBJC_IMPLEMENTATIONS = YES;
				CLANG_WARN_DIRECT_OBJC_ISA_USAGE = YES_ERROR;
				CLANG_WARN_DOCUMENTATION_COMMENTS = YES;
				CLANG_WARN_EMPTY_BODY = YES;
				CLANG_WARN_ENUM_CONVERSION = YES;
				CLANG_WARN_INFINITE_RECURSION = YES;
				CLANG_WARN_INT_CONVERSION = YES;
				CLANG_WARN_NON_LITERAL_NULL_CONVERSION = YES;
				CLANG_WARN_OBJC_IMPLICIT_RETAIN_SELF = YES;
				CLANG_WARN_OBJC_LITERAL_CONVERSION = YES;
				CLANG_WARN_OBJC_ROOT_CLASS = YES_ERROR;
				CLANG_WARN_QUOTED_INCLUDE_IN_FRAMEWORK_HEADER = YES;
				CLANG_WARN_RANGE_LOOP_ANALYSIS = YES;
				CLANG_WARN_STRICT_PROTOTYPES = YES;
				CLANG_WARN_SUSPICIOUS_MOVE = YES;
				CLANG_WARN_UNGUARDED_AVAILABILITY = YES_AGGRESSIVE;
				CLANG_WARN_UNREACHABLE_CODE = YES;
				CLANG_WARN__DUPLICATE_METHOD_MATCH = YES;
				COPY_PHASE_STRIP = NO;
				DEBUG_INFORMATION_FORMAT = dwarf;
				ENABLE_STRICT_OBJC_MSGSEND = YES;
				ENABLE_TESTABILITY = YES;
				GCC_C_LANGUAGE_STANDARD = gnu11;
				GCC_DYNAMIC_NO_PIC = NO;
				GCC_NO_COMMON_BLOCKS = YES;
				GCC_OPTIMIZATION_LEVEL = 0;
				GCC_PREPROCESSOR_DEFINITIONS = (
					"DEBUG=1",
					"$(inherited)",
				);
				GCC_WARN_64_TO_32_BIT_CONVERSION = YES;
				GCC_WARN_ABOUT_RETURN_TYPE = YES_ERROR;
				GCC_WARN_UNDECLARED_SELECTOR = YES;
				GCC_WARN_UNINITIALIZED_AUTOS = YES_AGGRESSIVE;
				GCC_WARN_UNUSED_FUNCTION = YES;
				GCC_WARN_UNUSED_VARIABLE = YES;
				IPHONEOS_DEPLOYMENT_TARGET = 16.4;
				MTL_ENABLE_DEBUG_INFO = INCLUDE_SOURCE;
				MTL_FAST_MATH = YES;
				ONLY_ACTIVE_ARCH = YES;
				SDKROOT = iphoneos;
				SWIFT_ACTIVE_COMPILATION_CONDITIONS = DEBUG;
				SWIFT_OPTIMIZATION_LEVEL = "-Onone";
			};
			name = Debug;
		};
		AF584CC729F1744500D2B4A0 /* Release */ = {
			isa = XCBuildConfiguration;
			buildSettings = {
				ALWAYS_SEARCH_USER_PATHS = NO;
				CLANG_ANALYZER_NONNULL = YES;
				CLANG_ANALYZER_NUMBER_OBJECT_CONVERSION = YES_AGGRESSIVE;
				CLANG_CXX_LANGUAGE_STANDARD = "gnu++20";
				CLANG_ENABLE_MODULES = YES;
				CLANG_ENABLE_OBJC_ARC = YES;
				CLANG_ENABLE_OBJC_WEAK = YES;
				CLANG_WARN_BLOCK_CAPTURE_AUTORELEASING = YES;
				CLANG_WARN_BOOL_CONVERSION = YES;
				CLANG_WARN_COMMA = YES;
				CLANG_WARN_CONSTANT_CONVERSION = YES;
				CLANG_WARN_DEPRECATED_OBJC_IMPLEMENTATIONS = YES;
				CLANG_WARN_DIRECT_OBJC_ISA_USAGE = YES_ERROR;
				CLANG_WARN_DOCUMENTATION_COMMENTS = YES;
				CLANG_WARN_EMPTY_BODY = YES;
				CLANG_WARN_ENUM_CONVERSION = YES;
				CLANG_WARN_INFINITE_RECURSION = YES;
				CLANG_WARN_INT_CONVERSION = YES;
				CLANG_WARN_NON_LITERAL_NULL_CONVERSION = YES;
				CLANG_WARN_OBJC_IMPLICIT_RETAIN_SELF = YES;
				CLANG_WARN_OBJC_LITERAL_CONVERSION = YES;
				CLANG_WARN_OBJC_ROOT_CLASS = YES_ERROR;
				CLANG_WARN_QUOTED_INCLUDE_IN_FRAMEWORK_HEADER = YES;
				CLANG_WARN_RANGE_LOOP_ANALYSIS = YES;
				CLANG_WARN_STRICT_PROTOTYPES = YES;
				CLANG_WARN_SUSPICIOUS_MOVE = YES;
				CLANG_WARN_UNGUARDED_AVAILABILITY = YES_AGGRESSIVE;
				CLANG_WARN_UNREACHABLE_CODE = YES;
				CLANG_WARN__DUPLICATE_METHOD_MATCH = YES;
				COPY_PHASE_STRIP = NO;
				DEBUG_INFORMATION_FORMAT = "dwarf-with-dsym";
				ENABLE_NS_ASSERTIONS = NO;
				ENABLE_STRICT_OBJC_MSGSEND = YES;
				GCC_C_LANGUAGE_STANDARD = gnu11;
				GCC_NO_COMMON_BLOCKS = YES;
				GCC_WARN_64_TO_32_BIT_CONVERSION = YES;
				GCC_WARN_ABOUT_RETURN_TYPE = YES_ERROR;
				GCC_WARN_UNDECLARED_SELECTOR = YES;
				GCC_WARN_UNINITIALIZED_AUTOS = YES_AGGRESSIVE;
				GCC_WARN_UNUSED_FUNCTION = YES;
				GCC_WARN_UNUSED_VARIABLE = YES;
				IPHONEOS_DEPLOYMENT_TARGET = 16.4;
				MTL_ENABLE_DEBUG_INFO = NO;
				MTL_FAST_MATH = YES;
				SDKROOT = iphoneos;
				SWIFT_COMPILATION_MODE = wholemodule;
				SWIFT_OPTIMIZATION_LEVEL = "-O";
				VALIDATE_PRODUCT = YES;
			};
			name = Release;
		};
		AF584CC929F1744500D2B4A0 /* Debug */ = {
			isa = XCBuildConfiguration;
			buildSettings = {
				ASSETCATALOG_COMPILER_APPICON_NAME = AppIcon;
				ASSETCATALOG_COMPILER_GLOBAL_ACCENT_COLOR_NAME = AccentColor;
				CODE_SIGN_STYLE = Automatic;
				CURRENT_PROJECT_VERSION = 1;
				DEVELOPMENT_ASSET_PATHS = "\"Habitapp/Preview Content\"";
				ENABLE_PREVIEWS = YES;
				GENERATE_INFOPLIST_FILE = YES;
				INFOPLIST_KEY_UIApplicationSceneManifest_Generation = YES;
				INFOPLIST_KEY_UIApplicationSupportsIndirectInputEvents = YES;
				INFOPLIST_KEY_UILaunchScreen_Generation = YES;
				INFOPLIST_KEY_UISupportedInterfaceOrientations_iPad = "UIInterfaceOrientationPortrait UIInterfaceOrientationPortraitUpsideDown UIInterfaceOrientationLandscapeLeft UIInterfaceOrientationLandscapeRight";
				INFOPLIST_KEY_UISupportedInterfaceOrientations_iPhone = "UIInterfaceOrientationPortrait UIInterfaceOrientationLandscapeLeft UIInterfaceOrientationLandscapeRight";
				LD_RUNPATH_SEARCH_PATHS = (
					"$(inherited)",
					"@executable_path/Frameworks",
				);
				MARKETING_VERSION = 1.0;
				PRODUCT_BUNDLE_IDENTIFIER = com.example.Habitapp;
				PRODUCT_NAME = "$(TARGET_NAME)";
				SWIFT_EMIT_LOC_STRINGS = YES;
				SWIFT_VERSION = 5.0;
				TARGETED_DEVICE_FAMILY = "1,2";
			};
			name = Debug;
		};
		AF584CCA29F1744500D2B4A0 /* Release */ = {
			isa = XCBuildConfiguration;
			buildSettings = {
				ASSETCATALOG_COMPILER_APPICON_NAME = AppIcon;
				ASSETCATALOG_COMPILER_GLOBAL_ACCENT_COLOR_NAME = AccentColor;
				CODE_SIGN_STYLE = Automatic;
				CURRENT_PROJECT_VERSION = 1;
				DEVELOPMENT_ASSET_PATHS = "\"Habitapp/Preview Content\"";
				ENABLE_PREVIEWS = YES;
				GENERATE_INFOPLIST_FILE = YES;
				INFOPLIST_KEY_UIApplicationSceneManifest_Generation = YES;
				INFOPLIST_KEY_UIApplicationSupportsIndirectInputEvents = YES;
				INFOPLIST_KEY_UILaunchScreen_Generation = YES;
				INFOPLIST_KEY_UISupportedInterfaceOrientations_iPad = "UIInterfaceOrientationPortrait UIInterfaceOrientationPortraitUpsideDown UIInterfaceOrientationLandscapeLeft UIInterfaceOrientationLandscapeRight";
				INFOPLIST_KEY_UISupportedInterfaceOrientations_iPhone = "UIInterfaceOrientationPortrait UIInterfaceOrientationLandscapeLeft UIInterfaceOrientationLandscapeRight";
				LD_RUNPATH_SEARCH_PATHS = (
					"$(inherited)",
					"@executable_path/Frameworks",
				);
				MARKETING_VERSION = 1.0;
				PRODUCT_BUNDLE_IDENTIFIER = com.example.Habitapp;
				PRODUCT_NAME = "$(TARGET_NAME)";
				SWIFT_EMIT_LOC_STRINGS = YES;
				SWIFT_VERSION = 5.0;
				TARGETED_DEVICE_FAMILY = "1,2";
			};
			name = Release;
		};
		AF584CCC29F1744500D2B4A0 /* Debug */ = {
			isa = XCBuildConfiguration;
			buildSettings = {
				ALWAYS_EMBED_SWIFT_STANDARD_LIBRARIES = YES;
				BUNDLE_LOADER = "$(TEST_HOST)";
				CODE_SIGN_STYLE = Automatic;
				CURRENT_PROJECT_VERSION = 1;
				GENERATE_INFOPLIST_FILE = YES;
				IPHONEOS_DEPLOYMENT_TARGET = 16.4;
				MARKETING_VERSION = 1.0;
				PRODUCT_BUNDLE_IDENTIFIER = com.example.HabitappTests;
				PRODUCT_NAME = "$(TARGET_NAME)";
				SWIFT_EMIT_LOC_STRINGS = NO;
				SWIFT_VERSION = 5.0;
				TARGETED_DEVICE_FAMILY = "1,2";
				TEST_HOST = "$(BUILT_PRODUCTS_DIR)/Habitapp.app/$(BUNDLE_EXECUTABLE_FOLDER_PATH)/Habitapp";
			};
			name = Debug;
		};
		AF584CCD29F1744500D2B4A0 /* Release */ = {
			isa = XCBuildConfiguration;
			buildSettings = {
				ALWAYS_EMBED_SWIFT_STANDARD_LIBRARIES = YES;
				BUNDLE_LOADER = "$(TEST_HOST)";
				CODE_SIGN_STYLE = Automatic;
				CURRENT_PROJECT_VERSION = 1;
				GENERATE_INFOPLIST_FILE = YES;
				IPHONEOS_DEPLOYMENT_TARGET = 16.4;
				MARKETING_VERSION = 1.0;
				PRODUCT_BUNDLE_IDENTIFIER = com.example.HabitappTests;
				PRODUCT_NAME = "$(TARGET_NAME)";
				SWIFT_EMIT_LOC_STRINGS = NO;
				SWIFT_VERSION = 5.0;
				TARGETED_DEVICE_FAMILY = "1,2";
				TEST_HOST = "$(BUILT_PRODUCTS_DIR)/Habitapp.app/$(BUNDLE_EXECUTABLE_FOLDER_PATH)/Habitapp";
			};
			name = Release;
		};
		AF584CCF29F1744500D2B4A0 /* Debug */ = {
			isa = XCBuildConfiguration;
			buildSettings = {
				ALWAYS_EMBED_SWIFT_STANDARD_LIBRARIES = YES;
				CODE_SIGN_STYLE = Automatic;
				CURRENT_PROJECT_VERSION = 1;
				GENERATE_INFOPLIST_FILE = YES;
				MARKETING_VERSION = 1.0;
				PRODUCT_BUNDLE_IDENTIFIER = com.example.HabitappUITests;
				PRODUCT_NAME = "$(TARGET_NAME)";
				SWIFT_EMIT_LOC_STRINGS = NO;
				SWIFT_VERSION = 5.0;
				TARGETED_DEVICE_FAMILY = "1,2";
				TEST_TARGET_NAME = Habitapp;
			};
			name = Debug;
		};
		AF584CD029F1744500D2B4A0 /* Release */ = {
			isa = XCBuildConfiguration;
			buildSettings = {
				ALWAYS_EMBED_SWIFT_STANDARD_LIBRARIES = YES;
				CODE_SIGN_STYLE = Automatic;
				CURRENT_PROJECT_VERSION = 1;
				GENERATE_INFOPLIST_FILE = YES;
				MARKETING_VERSION = 1.0;
				PRODUCT_BUNDLE_IDENTIFIER = com.example.HabitappUITests;
				PRODUCT_NAME = "$(TARGET_NAME)";
				SWIFT_EMIT_LOC_STRINGS = NO;
				SWIFT_VERSION = 5.0;
				TARGETED_DEVICE_FAMILY = "1,2";
				TEST_TARGET_NAME = Habitapp;
			};
			name = Release;
		};
/* End XCBuildConfiguration section */

/* Begin XCConfigurationList section */
		AF584C9F29F1744400D2B4A0 /* Build configuration list for PBXProject "Habitapp" */ = {
			isa = XCConfigurationList;
			buildConfigurations = (
				AF584CC629F1744500D2B4A0 /* Debug */,
				AF584CC729F1744500D2B4A0 /* Release */,
			);
			defaultConfigurationIsVisible = 0;
			defaultConfigurationName = Release;
		};
		AF584CC829F1744500D2B4A0 /* Build configuration list for PBXNativeTarget "Habitapp" */ = {
			isa = XCConfigurationList;
			buildConfigurations = (
				AF584CC929F1744500D2B4A0 /* Debug */,
				AF584CCA29F1744500D2B4A0 /* Release */,
			);
			defaultConfigurationIsVisible = 0;
			defaultConfigurationName = Release;
		};
		AF584CCB29F1744500D2B4A0 /* Build configuration list for PBXNativeTarget "HabitappTests" */ = {
			isa = XCConfigurationList;
			buildConfigurations = (
				AF584CCC29F1744500D2B4A0 /* Debug */,
				AF584CCD29F1744500D2B4A0 /* Release */,
			);
			defaultConfigurationIsVisible = 0;
			defaultConfigurationName = Release;
		};
		AF584CCE29F1744500D2B4A0 /* Build configuration list for PBXNativeTarget "HabitappUITests" */ = {
			isa = XCConfigurationList;
			buildConfigurations = (
				AF584CCF29F1744500D2B4A0 /* Debug */,
				AF584CD029F1744500D2B4A0 /* Release */,
			);
			defaultConfigurationIsVisible = 0;
			defaultConfigurationName = Release;
		};
/* End XCConfigurationList section */

/* Begin XCRemoteSwiftPackageReference section */
		AF584CD129F174EF00D2B4A0 /* XCRemoteSwiftPackageReference "firebase-ios-sdk" */ = {
			isa = XCRemoteSwiftPackageReference;
			repositoryURL = "https://github.com/firebase/firebase-ios-sdk";
			requirement = {
				kind = upToNextMajorVersion;
				minimumVersion = 10.0.0;
			};
		};
/* End XCRemoteSwiftPackageReference section */

/* Begin XCSwiftPackageProductDependency section */
		AF584CD229F174EF00D2B4A0 /* FirebaseAuth */ = {
			isa = XCSwiftPackageProductDependency;
			package = AF584CD129F174EF00D2B4A0 /* XCRemoteSwiftPackageReference "firebase-ios-sdk" */;
			productName = FirebaseAuth;
		};
		AF584CD429F174EF00D2B4A0 /* FirebaseDatabase */ = {
			isa = XCSwiftPackageProductDependency;
			package = AF584CD129F174EF00D2B4A0 /* XCRemoteSwiftPackageReference "firebase-ios-sdk" */;
			productName = FirebaseDatabase;
		};
		AF584CD629F174EF00D2B4A0 /* FirebaseFirestore */ = {
			isa = XCSwiftPackageProductDependency;
			package = AF584CD129F174EF00D2B4A0 /* XCRemoteSwiftPackageReference "firebase-ios-sdk" */;
			productName = FirebaseFirestore;
		};
		AF584CD829F174EF00D2B4A0 /* FirebaseFirestoreSwift */ = {
			isa = XCSwiftPackageProductDependency;
			package = AF584CD129F174EF00D2B4A0 /* XCRemoteSwiftPackageReference "firebase-ios-sdk" */;
			productName = FirebaseFirestoreSwift;
		};
/* End XCSwiftPackageProductDependency section */
	};
	rootObject = AF584C9C29F1744400D2B4A0 /* Project object */;
}
